# THIS IS AN AUTOGENERATED FILE. DO NOT EDIT THIS FILE DIRECTLY.
# yarn lockfile v1


"backend-library@git+https://github.com/NodeEra-Begin/node-project-linking.git#main":
  version "0.0.0"
  resolved "git+https://github.com/NodeEra-Begin/node-project-linking.git#bdc64f24bbbca3b30bbb360214a7e0675637cba7"
